{
  "name": "hic-new-backend",
  "version": "1.0.0",
  "lockfileVersion": 3,
  "requires": true,
  "packages": {
    "": {
      "name": "hic-new-backend",
      "version": "1.0.0",
      "dependencies": {
        "encore.dev": "latest"
      }
    },
    "node_modules/encore.dev": {
      "version": "1.52.1",
      "resolved": "https://registry.npmjs.org/encore.dev/-/encore.dev-1.52.1.tgz",
      "integrity": "sha512-tGIwlp29Jqx9zLaR+cO1byfpRF8wKWczdQQ0222lOiVI2XnS+p4OmtfJgv1Rf5cnGAnVgDpQEk3gGWewpBVQgg==",
      "license": "MPL-2.0",
      "engines": {
        "node": ">=18.0.0"
      }
    }
  }
}
